
Microsoft Visual Studio Solution File, Format Version 12.00
# Visual Studio Version 16
VisualStudioVersion = 16.0.31321.278
MinimumVisualStudioVersion = 10.0.40219.1
Project("{FAE04EC0-301F-11D3-BF4B-00C04F79EFBC}") = "QLyPetShop", "QLyPetShop\QLyPetShop.csproj", "{BC8CFA11-073F-4BB2-9E8C-17EE5553404C}"
EndProject
Global
	GlobalSection(SolutionConfigurationPlatforms) = preSolution
		Debug|Any CPU = Debug|Any CPU
		Release|Any CPU = Release|Any CPU
	EndGlobalSection
	GlobalSection(ProjectConfigurationPlatforms) = postSolution
		{BC8CFA11-073F-4BB2-9E8C-17EE5553404C}.Debug|Any CPU.ActiveCfg = Debug|Any CPU
		{BC8CFA11-073F-4BB2-9E8C-17EE5553404C}.Debug|Any CPU.Build.0 = Debug|Any CPU
		{BC8CFA11-073F-4BB2-9E8C-17EE5553404C}.Release|Any CPU.ActiveCfg = Release|Any CPU
		{BC8CFA11-073F-4BB2-9E8C-17EE5553404C}.Release|Any CPU.Build.0 = Release|Any CPU
	EndGlobalSection
	GlobalSection(SolutionProperties) = preSolution
		HideSolutionNode = FALSE
	EndGlobalSection
	GlobalSection(ExtensibilityGlobals) = postSolution
		SolutionGuid = {E07A9E10-AB5A-4BBF-B145-FF37197A8677}
	EndGlobalSection
EndGlobal
